
Microsoft Visual Studio Solution File, Format Version 12.00
# Visual Studio Version 16
VisualStudioVersion = 16.0.30104.148
MinimumVisualStudioVersion = 10.0.40219.1
Project("{FAE04EC0-301F-11D3-BF4B-00C04F79EFBC}") = "Database_Console", "Database_Console.csproj", "{B2CC28EF-7A4D-46A3-B439-421615AB2BE0}"
EndProject
Global
	GlobalSection(SolutionConfigurationPlatforms) = preSolution
		Debug|Any CPU = Debug|Any CPU
		Release|Any CPU = Release|Any CPU
	EndGlobalSection
	GlobalSection(ProjectConfigurationPlatforms) = postSolution
		{B2CC28EF-7A4D-46A3-B439-421615AB2BE0}.Debug|Any CPU.ActiveCfg = Debug|Any CPU
		{B2CC28EF-7A4D-46A3-B439-421615AB2BE0}.Debug|Any CPU.Build.0 = Debug|Any CPU
		{B2CC28EF-7A4D-46A3-B439-421615AB2BE0}.Release|Any CPU.ActiveCfg = Release|Any CPU
		{B2CC28EF-7A4D-46A3-B439-421615AB2BE0}.Release|Any CPU.Build.0 = Release|Any CPU
	EndGlobalSection
	GlobalSection(SolutionProperties) = preSolution
		HideSolutionNode = FALSE
	EndGlobalSection
	GlobalSection(ExtensibilityGlobals) = postSolution
		SolutionGuid = {E387DE50-E668-49AA-BDD4-9057095BBF17}
	EndGlobalSection
EndGlobal
